
Microsoft Visual Studio Solution File, Format Version 12.00
# Visual Studio Version 16
VisualStudioVersion = 16.0.30204.135
MinimumVisualStudioVersion = 10.0.40219.1
Project("{FAE04EC0-301F-11D3-BF4B-00C04F79EFBC}") = "laba7c", "laba7c\laba7c.csproj", "{FB4E7715-C261-4DF8-8011-5F6C247CB6BD}"
	ProjectSection(ProjectDependencies) = postProject
		{68F790F1-AA10-4972-8C26-468F686DE961} = {68F790F1-AA10-4972-8C26-468F686DE961}
	EndProjectSection
EndProject
Project("{FAE04EC0-301F-11D3-BF4B-00C04F79EFBC}") = "Wcf", "Wcf\Wcf.csproj", "{68F790F1-AA10-4972-8C26-468F686DE961}"
EndProject
Project("{FAE04EC0-301F-11D3-BF4B-00C04F79EFBC}") = "Host", "Host\Host.csproj", "{A111B62B-D3E8-4B7D-9EE3-010D33748C5F}"
EndProject
Global
	GlobalSection(SolutionConfigurationPlatforms) = preSolution
		Debug|Any CPU = Debug|Any CPU
		Release|Any CPU = Release|Any CPU
	EndGlobalSection
	GlobalSection(ProjectConfigurationPlatforms) = postSolution
		{FB4E7715-C261-4DF8-8011-5F6C247CB6BD}.Debug|Any CPU.ActiveCfg = Debug|Any CPU
		{FB4E7715-C261-4DF8-8011-5F6C247CB6BD}.Debug|Any CPU.Build.0 = Debug|Any CPU
		{FB4E7715-C261-4DF8-8011-5F6C247CB6BD}.Release|Any CPU.ActiveCfg = Release|Any CPU
		{FB4E7715-C261-4DF8-8011-5F6C247CB6BD}.Release|Any CPU.Build.0 = Release|Any CPU
		{68F790F1-AA10-4972-8C26-468F686DE961}.Debug|Any CPU.ActiveCfg = Debug|Any CPU
		{68F790F1-AA10-4972-8C26-468F686DE961}.Debug|Any CPU.Build.0 = Debug|Any CPU
		{68F790F1-AA10-4972-8C26-468F686DE961}.Release|Any CPU.ActiveCfg = Release|Any CPU
		{68F790F1-AA10-4972-8C26-468F686DE961}.Release|Any CPU.Build.0 = Release|Any CPU
		{A111B62B-D3E8-4B7D-9EE3-010D33748C5F}.Debug|Any CPU.ActiveCfg = Debug|Any CPU
		{A111B62B-D3E8-4B7D-9EE3-010D33748C5F}.Debug|Any CPU.Build.0 = Debug|Any CPU
		{A111B62B-D3E8-4B7D-9EE3-010D33748C5F}.Release|Any CPU.ActiveCfg = Release|Any CPU
		{A111B62B-D3E8-4B7D-9EE3-010D33748C5F}.Release|Any CPU.Build.0 = Release|Any CPU
	EndGlobalSection
	GlobalSection(SolutionProperties) = preSolution
		HideSolutionNode = FALSE
	EndGlobalSection
	GlobalSection(ExtensibilityGlobals) = postSolution
		SolutionGuid = {F888C2C2-4636-46D8-A84E-30BE713CD437}
	EndGlobalSection
EndGlobal
