
Microsoft Visual Studio Solution File, Format Version 12.00
# Visual Studio 15
VisualStudioVersion = 15.0.28307.1169
MinimumVisualStudioVersion = 10.0.40219.1
Project("{FAE04EC0-301F-11D3-BF4B-00C04F79EFBC}") = "13_ROUTE_ATR", "13_ROUTE_ATR\13_ROUTE_ATR.csproj", "{0CF3B64C-1C91-471E-BE0C-FE43C56515DA}"
EndProject
Global
	GlobalSection(SolutionConfigurationPlatforms) = preSolution
		Debug|Any CPU = Debug|Any CPU
		Release|Any CPU = Release|Any CPU
	EndGlobalSection
	GlobalSection(ProjectConfigurationPlatforms) = postSolution
		{0CF3B64C-1C91-471E-BE0C-FE43C56515DA}.Debug|Any CPU.ActiveCfg = Debug|Any CPU
		{0CF3B64C-1C91-471E-BE0C-FE43C56515DA}.Debug|Any CPU.Build.0 = Debug|Any CPU
		{0CF3B64C-1C91-471E-BE0C-FE43C56515DA}.Release|Any CPU.ActiveCfg = Release|Any CPU
		{0CF3B64C-1C91-471E-BE0C-FE43C56515DA}.Release|Any CPU.Build.0 = Release|Any CPU
	EndGlobalSection
	GlobalSection(SolutionProperties) = preSolution
		HideSolutionNode = FALSE
	EndGlobalSection
	GlobalSection(ExtensibilityGlobals) = postSolution
		SolutionGuid = {8846823A-93BF-4744-89C5-657D5DF8962B}
	EndGlobalSection
EndGlobal
