
Microsoft Visual Studio Solution File, Format Version 12.00
# Visual Studio 15
VisualStudioVersion = 15.0.28307.902
MinimumVisualStudioVersion = 10.0.40219.1
Project("{FAE04EC0-301F-11D3-BF4B-00C04F79EFBC}") = "21", "21\21.csproj", "{BEC816FE-9990-4090-BC68-4C50A68C502E}"
EndProject
Global
	GlobalSection(SolutionConfigurationPlatforms) = preSolution
		Debug|Any CPU = Debug|Any CPU
		Release|Any CPU = Release|Any CPU
	EndGlobalSection
	GlobalSection(ProjectConfigurationPlatforms) = postSolution
		{BEC816FE-9990-4090-BC68-4C50A68C502E}.Debug|Any CPU.ActiveCfg = Debug|Any CPU
		{BEC816FE-9990-4090-BC68-4C50A68C502E}.Debug|Any CPU.Build.0 = Debug|Any CPU
		{BEC816FE-9990-4090-BC68-4C50A68C502E}.Release|Any CPU.ActiveCfg = Release|Any CPU
		{BEC816FE-9990-4090-BC68-4C50A68C502E}.Release|Any CPU.Build.0 = Release|Any CPU
	EndGlobalSection
	GlobalSection(SolutionProperties) = preSolution
		HideSolutionNode = FALSE
	EndGlobalSection
	GlobalSection(ExtensibilityGlobals) = postSolution
		SolutionGuid = {23F65AB0-5629-4F19-89B5-7A14EEE9CE3C}
	EndGlobalSection
EndGlobal
