
Microsoft Visual Studio Solution File, Format Version 12.00
# Visual Studio 15
VisualStudioVersion = 15.0.28307.1000
MinimumVisualStudioVersion = 10.0.40219.1
Project("{FAE04EC0-301F-11D3-BF4B-00C04F79EFBC}") = "Core_24", "Core_24\Core_24.csproj", "{CF547EE0-B180-4135-8E88-8C543BC30A0A}"
EndProject
Global
	GlobalSection(SolutionConfigurationPlatforms) = preSolution
		Debug|Any CPU = Debug|Any CPU
		Release|Any CPU = Release|Any CPU
	EndGlobalSection
	GlobalSection(ProjectConfigurationPlatforms) = postSolution
		{CF547EE0-B180-4135-8E88-8C543BC30A0A}.Debug|Any CPU.ActiveCfg = Debug|Any CPU
		{CF547EE0-B180-4135-8E88-8C543BC30A0A}.Debug|Any CPU.Build.0 = Debug|Any CPU
		{CF547EE0-B180-4135-8E88-8C543BC30A0A}.Release|Any CPU.ActiveCfg = Release|Any CPU
		{CF547EE0-B180-4135-8E88-8C543BC30A0A}.Release|Any CPU.Build.0 = Release|Any CPU
	EndGlobalSection
	GlobalSection(SolutionProperties) = preSolution
		HideSolutionNode = FALSE
	EndGlobalSection
	GlobalSection(ExtensibilityGlobals) = postSolution
		SolutionGuid = {6D7DAC6A-3B5E-44C3-BF77-1F67445D5AB5}
	EndGlobalSection
EndGlobal
