
Microsoft Visual Studio Solution File, Format Version 12.00
# Visual Studio 15
VisualStudioVersion = 15.0.28307.1000
MinimumVisualStudioVersion = 10.0.40219.1
Project("{FAE04EC0-301F-11D3-BF4B-00C04F79EFBC}") = "Core_29", "Core_29\Core_29.csproj", "{EB9FC9B7-E5A1-4772-81CF-C7E2907C85BF}"
EndProject
Global
	GlobalSection(SolutionConfigurationPlatforms) = preSolution
		Debug|Any CPU = Debug|Any CPU
		Release|Any CPU = Release|Any CPU
	EndGlobalSection
	GlobalSection(ProjectConfigurationPlatforms) = postSolution
		{EB9FC9B7-E5A1-4772-81CF-C7E2907C85BF}.Debug|Any CPU.ActiveCfg = Debug|Any CPU
		{EB9FC9B7-E5A1-4772-81CF-C7E2907C85BF}.Debug|Any CPU.Build.0 = Debug|Any CPU
		{EB9FC9B7-E5A1-4772-81CF-C7E2907C85BF}.Release|Any CPU.ActiveCfg = Release|Any CPU
		{EB9FC9B7-E5A1-4772-81CF-C7E2907C85BF}.Release|Any CPU.Build.0 = Release|Any CPU
	EndGlobalSection
	GlobalSection(SolutionProperties) = preSolution
		HideSolutionNode = FALSE
	EndGlobalSection
	GlobalSection(ExtensibilityGlobals) = postSolution
		SolutionGuid = {E3904BD7-C841-4130-B5D0-31CD427FAFC9}
	EndGlobalSection
EndGlobal
