
Microsoft Visual Studio Solution File, Format Version 12.00
# Visual Studio 15
VisualStudioVersion = 15.0.27703.1
MinimumVisualStudioVersion = 10.0.40219.1
Project("{FAE04EC0-301F-11D3-BF4B-00C04F79EFBC}") = "Lab3new", "Lab3new\Lab3new.csproj", "{E07CA451-D346-4E93-B8FC-2A6EE0402FEE}"
EndProject
Project("{FAE04EC0-301F-11D3-BF4B-00C04F79EFBC}") = "TelephoneDll", "TelephoneDll\TelephoneDll.csproj", "{9B78288D-72E1-4436-93B4-CBD1701AA54F}"
EndProject
Global
	GlobalSection(SolutionConfigurationPlatforms) = preSolution
		Debug|Any CPU = Debug|Any CPU
		Release|Any CPU = Release|Any CPU
	EndGlobalSection
	GlobalSection(ProjectConfigurationPlatforms) = postSolution
		{E07CA451-D346-4E93-B8FC-2A6EE0402FEE}.Debug|Any CPU.ActiveCfg = Debug|Any CPU
		{E07CA451-D346-4E93-B8FC-2A6EE0402FEE}.Debug|Any CPU.Build.0 = Debug|Any CPU
		{E07CA451-D346-4E93-B8FC-2A6EE0402FEE}.Release|Any CPU.ActiveCfg = Release|Any CPU
		{E07CA451-D346-4E93-B8FC-2A6EE0402FEE}.Release|Any CPU.Build.0 = Release|Any CPU
		{9B78288D-72E1-4436-93B4-CBD1701AA54F}.Debug|Any CPU.ActiveCfg = Debug|Any CPU
		{9B78288D-72E1-4436-93B4-CBD1701AA54F}.Debug|Any CPU.Build.0 = Debug|Any CPU
		{9B78288D-72E1-4436-93B4-CBD1701AA54F}.Release|Any CPU.ActiveCfg = Release|Any CPU
		{9B78288D-72E1-4436-93B4-CBD1701AA54F}.Release|Any CPU.Build.0 = Release|Any CPU
	EndGlobalSection
	GlobalSection(SolutionProperties) = preSolution
		HideSolutionNode = FALSE
	EndGlobalSection
	GlobalSection(ExtensibilityGlobals) = postSolution
		SolutionGuid = {52FAFBED-AD48-4409-AB06-C9CABC6960B7}
	EndGlobalSection
EndGlobal
