
Microsoft Visual Studio Solution File, Format Version 12.00
# Visual Studio 15
VisualStudioVersion = 15.0.28307.1000
MinimumVisualStudioVersion = 10.0.40219.1
Project("{FAE04EC0-301F-11D3-BF4B-00C04F79EFBC}") = "Handler", "Handler\Handler.csproj", "{9BD81396-BBB8-4CA6-A81E-07634EEAF588}"
EndProject
Project("{FAE04EC0-301F-11D3-BF4B-00C04F79EFBC}") = "WS", "WS\WS.csproj", "{54A462AF-6A82-46E5-A817-B50FD8F6F148}"
EndProject
Global
	GlobalSection(SolutionConfigurationPlatforms) = preSolution
		Debug|Any CPU = Debug|Any CPU
		Release|Any CPU = Release|Any CPU
	EndGlobalSection
	GlobalSection(ProjectConfigurationPlatforms) = postSolution
		{9BD81396-BBB8-4CA6-A81E-07634EEAF588}.Debug|Any CPU.ActiveCfg = Debug|Any CPU
		{9BD81396-BBB8-4CA6-A81E-07634EEAF588}.Debug|Any CPU.Build.0 = Debug|Any CPU
		{9BD81396-BBB8-4CA6-A81E-07634EEAF588}.Release|Any CPU.ActiveCfg = Release|Any CPU
		{9BD81396-BBB8-4CA6-A81E-07634EEAF588}.Release|Any CPU.Build.0 = Release|Any CPU
		{54A462AF-6A82-46E5-A817-B50FD8F6F148}.Debug|Any CPU.ActiveCfg = Debug|Any CPU
		{54A462AF-6A82-46E5-A817-B50FD8F6F148}.Debug|Any CPU.Build.0 = Debug|Any CPU
		{54A462AF-6A82-46E5-A817-B50FD8F6F148}.Release|Any CPU.ActiveCfg = Release|Any CPU
		{54A462AF-6A82-46E5-A817-B50FD8F6F148}.Release|Any CPU.Build.0 = Release|Any CPU
	EndGlobalSection
	GlobalSection(SolutionProperties) = preSolution
		HideSolutionNode = FALSE
	EndGlobalSection
	GlobalSection(ExtensibilityGlobals) = postSolution
		SolutionGuid = {16B5B317-BC86-4424-8C72-2049233F6344}
	EndGlobalSection
EndGlobal
